PODS:
  - Alamofire (4.9.1)
  - CryptoSwift (1.8.3)
  - Flutter (1.0.0)
  - flutter_inappwebview (0.0.1):
    - Flutter
    - flutter_inappwebview/Core (= 0.0.1)
    - OrderedSet (~> 5.0)
  - flutter_inappwebview/Core (0.0.1):
    - Flutter
    - OrderedSet (~> 5.0)
  - fluttertoast (0.0.2):
    - Flutter
    - Toast
  - http_certificate_pinning (1.0.3):
    - Alamofire (~> 4.9.1)
    - CryptoSwift
    - Flutter
  - OrderedSet (5.0.0)
  - path_provider_foundation (0.0.1):
    - Flutter
    - FlutterMacOS
  - printing (1.0.0):
    - Flutter
  - shared_preferences_foundation (0.0.1):
    - Flutter
    - FlutterMacOS
  - Toast (4.1.1)
  - webf (0.14.0):
    - Flutter
  - webview_flutter_wkwebview (0.0.1):
    - Flutter
    - FlutterMacOS

DEPENDENCIES:
  - Flutter (from `Flutter`)
  - flutter_inappwebview (from `.symlinks/plugins/flutter_inappwebview/ios`)
  - fluttertoast (from `.symlinks/plugins/fluttertoast/ios`)
  - http_certificate_pinning (from `.symlinks/plugins/http_certificate_pinning/ios`)
  - path_provider_foundation (from `.symlinks/plugins/path_provider_foundation/darwin`)
  - printing (from `.symlinks/plugins/printing/ios`)
  - shared_preferences_foundation (from `.symlinks/plugins/shared_preferences_foundation/darwin`)
  - webf (from `.symlinks/plugins/webf/ios`)
  - webview_flutter_wkwebview (from `.symlinks/plugins/webview_flutter_wkwebview/darwin`)

SPEC REPOS:
  trunk:
    - Alamofire
    - CryptoSwift
    - OrderedSet
    - Toast

EXTERNAL SOURCES:
  Flutter:
    :path: Flutter
  flutter_inappwebview:
    :path: ".symlinks/plugins/flutter_inappwebview/ios"
  fluttertoast:
    :path: ".symlinks/plugins/fluttertoast/ios"
  http_certificate_pinning:
    :path: ".symlinks/plugins/http_certificate_pinning/ios"
  path_provider_foundation:
    :path: ".symlinks/plugins/path_provider_foundation/darwin"
  printing:
    :path: ".symlinks/plugins/printing/ios"
  shared_preferences_foundation:
    :path: ".symlinks/plugins/shared_preferences_foundation/darwin"
  webf:
    :path: ".symlinks/plugins/webf/ios"
  webview_flutter_wkwebview:
    :path: ".symlinks/plugins/webview_flutter_wkwebview/darwin"

SPEC CHECKSUMS:
  Alamofire: 85e8a02c69d6020a0d734f6054870d7ecb75cf18
  CryptoSwift: 967f37cea5a3294d9cce358f78861652155be483
  Flutter: e0871f40cf51350855a761d2e70bf5af5b9b5de7
  flutter_inappwebview: 3d32228f1304635e7c028b0d4252937730bbc6cf
  fluttertoast: e9a18c7be5413da53898f660530c56f35edfba9c
  http_certificate_pinning: 2a9097b304c7ea3b51804af46d381aba8108fa29
  OrderedSet: aaeb196f7fef5a9edf55d89760da9176ad40b93c
  path_provider_foundation: 2b6b4c569c0fb62ec74538f866245ac84301af46
  printing: 233e1b73bd1f4a05615548e9b5a324c98588640b
  shared_preferences_foundation: fcdcbc04712aee1108ac7fda236f363274528f78
  Toast: 1f5ea13423a1e6674c4abdac5be53587ae481c4e
  webf: 9f23fff1c639b0142d9ba8579414226a6b0a3cb2
  webview_flutter_wkwebview: 0982481e3d9c78fd5c6f62a002fcd24fc791f1e4

PODFILE CHECKSUM: 819463e6a0290f5a72f145ba7cde16e8b6ef0796

COCOAPODS: 1.15.2
